
Microsoft Visual Studio Solution File, Format Version 12.00
# Visual Studio Version 16
VisualStudioVersion = 16.0.34031.81
MinimumVisualStudioVersion = 10.0.40219.1
Project("{2150E333-8FDC-42A3-9474-1A3956D46DE8}") = "Task0", "Task0", "{C9709A4B-8EF5-4940-88A3-188734CBB5FE}"
EndProject
Project("{FAE04EC0-301F-11D3-BF4B-00C04F79EFBC}") = "Tyuiu.ShustovTS.Sprint1.Task0.V13", "Tyuiu.ShustovTS.Sprint1.Task0.V0\Tyuiu.ShustovTS.Sprint1.Task0.V13.csproj", "{797A8393-5BE2-44E0-B5AA-21DC4BEA478F}"
EndProject
Project("{FAE04EC0-301F-11D3-BF4B-00C04F79EFBC}") = "Tyuiu.ShustovTS.Sprint1.Task0.V13.Lib", "Tyuiu.ShustovTS.Sprint1.Task0.V0.Lib\Tyuiu.ShustovTS.Sprint1.Task0.V13.Lib.csproj", "{C0F5922D-947B-4697-8379-FF499EE25D83}"
EndProject
Project("{FAE04EC0-301F-11D3-BF4B-00C04F79EFBC}") = "Tyuiu.ShustovTS.Sprint1.Task0.V13.Test", "Tyuiu.ShustovTS.Sprint1.Task0.V0.Test\Tyuiu.ShustovTS.Sprint1.Task0.V13.Test.csproj", "{2A4260E4-6198-46A6-8A36-D34345DF6147}"
EndProject
Project("{2150E333-8FDC-42A3-9474-1A3956D46DE8}") = "Task1", "Task1", "{B5701F46-1A5F-4E3F-A8C5-694ACC209D9C}"
EndProject
Project("{FAE04EC0-301F-11D3-BF4B-00C04F79EFBC}") = "Tyuiu.ShustovTS.Sprint1.Task1.V20", "Tyuiu.ShustovTS.Sprint1.Task1.V20\Tyuiu.ShustovTS.Sprint1.Task1.V20.csproj", "{BDA69CDB-189C-4DDF-943D-08581F21ED8A}"
EndProject
Project("{FAE04EC0-301F-11D3-BF4B-00C04F79EFBC}") = "Tyuiu.ShustovTS.Sprint1.Task1.V20.Lib", "Tyuiu.ShustovTS.Sprint1.Task1.V20.Lib\Tyuiu.ShustovTS.Sprint1.Task1.V20.Lib.csproj", "{519F7A9D-EBF8-487B-BF0D-9169F83C80C2}"
EndProject
Project("{FAE04EC0-301F-11D3-BF4B-00C04F79EFBC}") = "Tyuiu.ShustovTS.Sprint1.Task1.V20.Test", "Tyuiu.ShustovTS.Sprint1.Task1.V20.Test\Tyuiu.ShustovTS.Sprint1.Task1.V20.Test.csproj", "{9C045B5C-401C-416C-A0DD-FA25C171C9B8}"
EndProject
Project("{2150E333-8FDC-42A3-9474-1A3956D46DE8}") = "Task2", "Task2", "{45C82BC1-1206-46D3-8854-777FC801190A}"
EndProject
Project("{FAE04EC0-301F-11D3-BF4B-00C04F79EFBC}") = "Tyuiu.ShustovTS.Sprint1.Task2.V7", "Tyuiu.ShustovTS.Sprint1.Task2.V0\Tyuiu.ShustovTS.Sprint1.Task2.V7.csproj", "{75BC10BF-3412-4E53-ADBF-C57027F89FD5}"
EndProject
Project("{FAE04EC0-301F-11D3-BF4B-00C04F79EFBC}") = "Tyuiu.ShustovTS.Sprint1.Task2.V7.Lib", "Tyuiu.ShustovTS.Sprint1.Task2.V0.Lib\Tyuiu.ShustovTS.Sprint1.Task2.V7.Lib.csproj", "{6A096FC0-1925-407A-B264-F07FC28E4A96}"
EndProject
Project("{FAE04EC0-301F-11D3-BF4B-00C04F79EFBC}") = "Tyuiu.ShustovTS.Sprint1.Task2.V7.Test", "Tyuiu.ShustovTS.Sprint1.Task2.V0.Test\Tyuiu.ShustovTS.Sprint1.Task2.V7.Test.csproj", "{FDBDEC7F-2C2A-4943-8138-65D8BD60C70B}"
EndProject
Project("{2150E333-8FDC-42A3-9474-1A3956D46DE8}") = "Task3", "Task3", "{FF993B39-9872-44D7-BDF5-ABFFB87EE1A0}"
EndProject
Project("{FAE04EC0-301F-11D3-BF4B-00C04F79EFBC}") = "Tyuiu.ShustovTS.Sprint1.Task3.V10", "Tyuiu.ShustovTS.Sprint1.Task3.V10\Tyuiu.ShustovTS.Sprint1.Task3.V10.csproj", "{B29A9A5D-91A8-47DA-BC8D-9C0CDF1A3BAF}"
EndProject
Project("{FAE04EC0-301F-11D3-BF4B-00C04F79EFBC}") = "Tyuiu.ShustovTS.Sprint1.Task3.V10.Lib", "Tyuiu.ShustovTS.Sprint1.Task3.V10.Lib\Tyuiu.ShustovTS.Sprint1.Task3.V10.Lib.csproj", "{EDFAC65A-1E32-48F1-A350-40690A0790CC}"
EndProject
Project("{FAE04EC0-301F-11D3-BF4B-00C04F79EFBC}") = "Tyuiu.ShustovTS.Sprint1.Task3.V10.Test", "Tyuiu.ShustovTS.Sprint1.Task3.V10.Test\Tyuiu.ShustovTS.Sprint1.Task3.V10.Test.csproj", "{0962755A-67F6-48E4-B039-371084E84C38}"
EndProject
Project("{2150E333-8FDC-42A3-9474-1A3956D46DE8}") = "Task4", "Task4", "{832706C9-6B4A-4B03-908D-97F640048096}"
EndProject
Project("{FAE04EC0-301F-11D3-BF4B-00C04F79EFBC}") = "Tyuiu.ShustovTS.Sprint1.Task4.V9", "Tyuiu.ShustovTS.Sprint1.Task4.V9\Tyuiu.ShustovTS.Sprint1.Task4.V9.csproj", "{C4EACB3F-1E90-4602-ABDD-B9B04D36374B}"
EndProject
Project("{FAE04EC0-301F-11D3-BF4B-00C04F79EFBC}") = "Tyuiu.ShustovTS.Sprint1.Task4.V9.Lib", "Tyuiu.ShustovTS.Sprint1.Task4.V9.Lib\Tyuiu.ShustovTS.Sprint1.Task4.V9.Lib.csproj", "{DD9B1E4A-AF43-430F-A00C-44CFE4870CFC}"
EndProject
Project("{FAE04EC0-301F-11D3-BF4B-00C04F79EFBC}") = "Tyuiu.ShustovTS.Sprint1.Task4.V9.Test", "Tyuiu.ShustovTS.Sprint1.Task4.V9.Test\Tyuiu.ShustovTS.Sprint1.Task4.V9.Test.csproj", "{72915265-7368-4A1F-8B48-7ABD47BA4DDE}"
EndProject
Project("{2150E333-8FDC-42A3-9474-1A3956D46DE8}") = "Task5", "Task5", "{F3B87AF9-5FF0-4F7D-B9AD-25B12F00FA74}"
EndProject
Project("{FAE04EC0-301F-11D3-BF4B-00C04F79EFBC}") = "Tyuiu.ShustovTS.Sprint1.Task5.V6", "Tyuiu.ShustovTS.Sprint1.Task5.V0\Tyuiu.ShustovTS.Sprint1.Task5.V6.csproj", "{E322A2E7-D69F-438A-BFBE-DAD20A17D7DB}"
EndProject
Project("{FAE04EC0-301F-11D3-BF4B-00C04F79EFBC}") = "Tyuiu.ShustovTS.Sprint1.Task5.V6.Lib", "Tyuiu.ShustovTS.Sprint1.Task5.V7.Lib\Tyuiu.ShustovTS.Sprint1.Task5.V6.Lib.csproj", "{F0C21F35-3DCF-4102-BC95-7BA6CD92B2D9}"
EndProject
Project("{FAE04EC0-301F-11D3-BF4B-00C04F79EFBC}") = "Tyuiu.ShustovTS.Sprint1.Task5.V6.Test", "Tyuiu.ShustovTS.Sprint1.Task5.V7.Test\Tyuiu.ShustovTS.Sprint1.Task5.V6.Test.csproj", "{5B1B2E8F-AB31-40A5-932B-C7D86C0FD15C}"
EndProject
Project("{2150E333-8FDC-42A3-9474-1A3956D46DE8}") = "Task6", "Task6", "{523B8816-E998-438D-8FBC-AAD235140116}"
EndProject
Project("{FAE04EC0-301F-11D3-BF4B-00C04F79EFBC}") = "Tyuiu.ShustovTS.Sprint1.Task6.V6", "Tyuiu.ShustovTS.Sprint1.Task6.V9\Tyuiu.ShustovTS.Sprint1.Task6.V6.csproj", "{55198BCD-7364-44E0-B613-A6BC4CB207CF}"
EndProject
Project("{FAE04EC0-301F-11D3-BF4B-00C04F79EFBC}") = "Tyuiu.ShustovTS.Sprint1.Task6.V6.Lib", "Tyuiu.ShustovTS.Sprint1.Task6.V9.Lib\Tyuiu.ShustovTS.Sprint1.Task6.V6.Lib.csproj", "{D24EE2D6-826F-4653-AE67-B789EA856626}"
EndProject
Project("{FAE04EC0-301F-11D3-BF4B-00C04F79EFBC}") = "Tyuiu.ShustovTS.Sprint1.Task6.V6.Test", "Tyuiu.ShustovTS.Sprint1.Task6.V9.Test\Tyuiu.ShustovTS.Sprint1.Task6.V6.Test.csproj", "{C6A583A2-284D-462D-A1F0-5D3833D4D0AC}"
EndProject
Global
	GlobalSection(SolutionConfigurationPlatforms) = preSolution
		Debug|Any CPU = Debug|Any CPU
		Release|Any CPU = Release|Any CPU
	EndGlobalSection
	GlobalSection(ProjectConfigurationPlatforms) = postSolution
		{797A8393-5BE2-44E0-B5AA-21DC4BEA478F}.Debug|Any CPU.ActiveCfg = Debug|Any CPU
		{797A8393-5BE2-44E0-B5AA-21DC4BEA478F}.Debug|Any CPU.Build.0 = Debug|Any CPU
		{797A8393-5BE2-44E0-B5AA-21DC4BEA478F}.Release|Any CPU.ActiveCfg = Release|Any CPU
		{797A8393-5BE2-44E0-B5AA-21DC4BEA478F}.Release|Any CPU.Build.0 = Release|Any CPU
		{C0F5922D-947B-4697-8379-FF499EE25D83}.Debug|Any CPU.ActiveCfg = Debug|Any CPU
		{C0F5922D-947B-4697-8379-FF499EE25D83}.Debug|Any CPU.Build.0 = Debug|Any CPU
		{C0F5922D-947B-4697-8379-FF499EE25D83}.Release|Any CPU.ActiveCfg = Release|Any CPU
		{C0F5922D-947B-4697-8379-FF499EE25D83}.Release|Any CPU.Build.0 = Release|Any CPU
		{2A4260E4-6198-46A6-8A36-D34345DF6147}.Debug|Any CPU.ActiveCfg = Debug|Any CPU
		{2A4260E4-6198-46A6-8A36-D34345DF6147}.Debug|Any CPU.Build.0 = Debug|Any CPU
		{2A4260E4-6198-46A6-8A36-D34345DF6147}.Release|Any CPU.ActiveCfg = Release|Any CPU
		{2A4260E4-6198-46A6-8A36-D34345DF6147}.Release|Any CPU.Build.0 = Release|Any CPU
		{BDA69CDB-189C-4DDF-943D-08581F21ED8A}.Debug|Any CPU.ActiveCfg = Debug|Any CPU
		{BDA69CDB-189C-4DDF-943D-08581F21ED8A}.Debug|Any CPU.Build.0 = Debug|Any CPU
		{BDA69CDB-189C-4DDF-943D-08581F21ED8A}.Release|Any CPU.ActiveCfg = Release|Any CPU
		{BDA69CDB-189C-4DDF-943D-08581F21ED8A}.Release|Any CPU.Build.0 = Release|Any CPU
		{519F7A9D-EBF8-487B-BF0D-9169F83C80C2}.Debug|Any CPU.ActiveCfg = Debug|Any CPU
		{519F7A9D-EBF8-487B-BF0D-9169F83C80C2}.Debug|Any CPU.Build.0 = Debug|Any CPU
		{519F7A9D-EBF8-487B-BF0D-9169F83C80C2}.Release|Any CPU.ActiveCfg = Release|Any CPU
		{519F7A9D-EBF8-487B-BF0D-9169F83C80C2}.Release|Any CPU.Build.0 = Release|Any CPU
		{9C045B5C-401C-416C-A0DD-FA25C171C9B8}.Debug|Any CPU.ActiveCfg = Debug|Any CPU
		{9C045B5C-401C-416C-A0DD-FA25C171C9B8}.Debug|Any CPU.Build.0 = Debug|Any CPU
		{9C045B5C-401C-416C-A0DD-FA25C171C9B8}.Release|Any CPU.ActiveCfg = Release|Any CPU
		{9C045B5C-401C-416C-A0DD-FA25C171C9B8}.Release|Any CPU.Build.0 = Release|Any CPU
		{75BC10BF-3412-4E53-ADBF-C57027F89FD5}.Debug|Any CPU.ActiveCfg = Debug|Any CPU
		{75BC10BF-3412-4E53-ADBF-C57027F89FD5}.Debug|Any CPU.Build.0 = Debug|Any CPU
		{75BC10BF-3412-4E53-ADBF-C57027F89FD5}.Release|Any CPU.ActiveCfg = Release|Any CPU
		{75BC10BF-3412-4E53-ADBF-C57027F89FD5}.Release|Any CPU.Build.0 = Release|Any CPU
		{6A096FC0-1925-407A-B264-F07FC28E4A96}.Debug|Any CPU.ActiveCfg = Debug|Any CPU
		{6A096FC0-1925-407A-B264-F07FC28E4A96}.Debug|Any CPU.Build.0 = Debug|Any CPU
		{6A096FC0-1925-407A-B264-F07FC28E4A96}.Release|Any CPU.ActiveCfg = Release|Any CPU
		{6A096FC0-1925-407A-B264-F07FC28E4A96}.Release|Any CPU.Build.0 = Release|Any CPU
		{FDBDEC7F-2C2A-4943-8138-65D8BD60C70B}.Debug|Any CPU.ActiveCfg = Debug|Any CPU
		{FDBDEC7F-2C2A-4943-8138-65D8BD60C70B}.Debug|Any CPU.Build.0 = Debug|Any CPU
		{FDBDEC7F-2C2A-4943-8138-65D8BD60C70B}.Release|Any CPU.ActiveCfg = Release|Any CPU
		{FDBDEC7F-2C2A-4943-8138-65D8BD60C70B}.Release|Any CPU.Build.0 = Release|Any CPU
		{B29A9A5D-91A8-47DA-BC8D-9C0CDF1A3BAF}.Debug|Any CPU.ActiveCfg = Debug|Any CPU
		{B29A9A5D-91A8-47DA-BC8D-9C0CDF1A3BAF}.Debug|Any CPU.Build.0 = Debug|Any CPU
		{B29A9A5D-91A8-47DA-BC8D-9C0CDF1A3BAF}.Release|Any CPU.ActiveCfg = Release|Any CPU
		{B29A9A5D-91A8-47DA-BC8D-9C0CDF1A3BAF}.Release|Any CPU.Build.0 = Release|Any CPU
		{EDFAC65A-1E32-48F1-A350-40690A0790CC}.Debug|Any CPU.ActiveCfg = Debug|Any CPU
		{EDFAC65A-1E32-48F1-A350-40690A0790CC}.Debug|Any CPU.Build.0 = Debug|Any CPU
		{EDFAC65A-1E32-48F1-A350-40690A0790CC}.Release|Any CPU.ActiveCfg = Release|Any CPU
		{EDFAC65A-1E32-48F1-A350-40690A0790CC}.Release|Any CPU.Build.0 = Release|Any CPU
		{0962755A-67F6-48E4-B039-371084E84C38}.Debug|Any CPU.ActiveCfg = Debug|Any CPU
		{0962755A-67F6-48E4-B039-371084E84C38}.Debug|Any CPU.Build.0 = Debug|Any CPU
		{0962755A-67F6-48E4-B039-371084E84C38}.Release|Any CPU.ActiveCfg = Release|Any CPU
		{0962755A-67F6-48E4-B039-371084E84C38}.Release|Any CPU.Build.0 = Release|Any CPU
		{C4EACB3F-1E90-4602-ABDD-B9B04D36374B}.Debug|Any CPU.ActiveCfg = Debug|Any CPU
		{C4EACB3F-1E90-4602-ABDD-B9B04D36374B}.Debug|Any CPU.Build.0 = Debug|Any CPU
		{C4EACB3F-1E90-4602-ABDD-B9B04D36374B}.Release|Any CPU.ActiveCfg = Release|Any CPU
		{C4EACB3F-1E90-4602-ABDD-B9B04D36374B}.Release|Any CPU.Build.0 = Release|Any CPU
		{DD9B1E4A-AF43-430F-A00C-44CFE4870CFC}.Debug|Any CPU.ActiveCfg = Debug|Any CPU
		{DD9B1E4A-AF43-430F-A00C-44CFE4870CFC}.Debug|Any CPU.Build.0 = Debug|Any CPU
		{DD9B1E4A-AF43-430F-A00C-44CFE4870CFC}.Release|Any CPU.ActiveCfg = Release|Any CPU
		{DD9B1E4A-AF43-430F-A00C-44CFE4870CFC}.Release|Any CPU.Build.0 = Release|Any CPU
		{72915265-7368-4A1F-8B48-7ABD47BA4DDE}.Debug|Any CPU.ActiveCfg = Debug|Any CPU
		{72915265-7368-4A1F-8B48-7ABD47BA4DDE}.Debug|Any CPU.Build.0 = Debug|Any CPU
		{72915265-7368-4A1F-8B48-7ABD47BA4DDE}.Release|Any CPU.ActiveCfg = Release|Any CPU
		{72915265-7368-4A1F-8B48-7ABD47BA4DDE}.Release|Any CPU.Build.0 = Release|Any CPU
		{E322A2E7-D69F-438A-BFBE-DAD20A17D7DB}.Debug|Any CPU.ActiveCfg = Debug|Any CPU
		{E322A2E7-D69F-438A-BFBE-DAD20A17D7DB}.Debug|Any CPU.Build.0 = Debug|Any CPU
		{E322A2E7-D69F-438A-BFBE-DAD20A17D7DB}.Release|Any CPU.ActiveCfg = Release|Any CPU
		{E322A2E7-D69F-438A-BFBE-DAD20A17D7DB}.Release|Any CPU.Build.0 = Release|Any CPU
		{F0C21F35-3DCF-4102-BC95-7BA6CD92B2D9}.Debug|Any CPU.ActiveCfg = Debug|Any CPU
		{F0C21F35-3DCF-4102-BC95-7BA6CD92B2D9}.Debug|Any CPU.Build.0 = Debug|Any CPU
		{F0C21F35-3DCF-4102-BC95-7BA6CD92B2D9}.Release|Any CPU.ActiveCfg = Release|Any CPU
		{F0C21F35-3DCF-4102-BC95-7BA6CD92B2D9}.Release|Any CPU.Build.0 = Release|Any CPU
		{5B1B2E8F-AB31-40A5-932B-C7D86C0FD15C}.Debug|Any CPU.ActiveCfg = Debug|Any CPU
		{5B1B2E8F-AB31-40A5-932B-C7D86C0FD15C}.Debug|Any CPU.Build.0 = Debug|Any CPU
		{5B1B2E8F-AB31-40A5-932B-C7D86C0FD15C}.Release|Any CPU.ActiveCfg = Release|Any CPU
		{5B1B2E8F-AB31-40A5-932B-C7D86C0FD15C}.Release|Any CPU.Build.0 = Release|Any CPU
		{55198BCD-7364-44E0-B613-A6BC4CB207CF}.Debug|Any CPU.ActiveCfg = Debug|Any CPU
		{55198BCD-7364-44E0-B613-A6BC4CB207CF}.Debug|Any CPU.Build.0 = Debug|Any CPU
		{55198BCD-7364-44E0-B613-A6BC4CB207CF}.Release|Any CPU.ActiveCfg = Release|Any CPU
		{55198BCD-7364-44E0-B613-A6BC4CB207CF}.Release|Any CPU.Build.0 = Release|Any CPU
		{D24EE2D6-826F-4653-AE67-B789EA856626}.Debug|Any CPU.ActiveCfg = Debug|Any CPU
		{D24EE2D6-826F-4653-AE67-B789EA856626}.Debug|Any CPU.Build.0 = Debug|Any CPU
		{D24EE2D6-826F-4653-AE67-B789EA856626}.Release|Any CPU.ActiveCfg = Release|Any CPU
		{D24EE2D6-826F-4653-AE67-B789EA856626}.Release|Any CPU.Build.0 = Release|Any CPU
		{C6A583A2-284D-462D-A1F0-5D3833D4D0AC}.Debug|Any CPU.ActiveCfg = Debug|Any CPU
		{C6A583A2-284D-462D-A1F0-5D3833D4D0AC}.Debug|Any CPU.Build.0 = Debug|Any CPU
		{C6A583A2-284D-462D-A1F0-5D3833D4D0AC}.Release|Any CPU.ActiveCfg = Release|Any CPU
		{C6A583A2-284D-462D-A1F0-5D3833D4D0AC}.Release|Any CPU.Build.0 = Release|Any CPU
	EndGlobalSection
	GlobalSection(SolutionProperties) = preSolution
		HideSolutionNode = FALSE
	EndGlobalSection
	GlobalSection(NestedProjects) = preSolution
		{797A8393-5BE2-44E0-B5AA-21DC4BEA478F} = {C9709A4B-8EF5-4940-88A3-188734CBB5FE}
		{C0F5922D-947B-4697-8379-FF499EE25D83} = {C9709A4B-8EF5-4940-88A3-188734CBB5FE}
		{2A4260E4-6198-46A6-8A36-D34345DF6147} = {C9709A4B-8EF5-4940-88A3-188734CBB5FE}
		{BDA69CDB-189C-4DDF-943D-08581F21ED8A} = {B5701F46-1A5F-4E3F-A8C5-694ACC209D9C}
		{519F7A9D-EBF8-487B-BF0D-9169F83C80C2} = {B5701F46-1A5F-4E3F-A8C5-694ACC209D9C}
		{9C045B5C-401C-416C-A0DD-FA25C171C9B8} = {B5701F46-1A5F-4E3F-A8C5-694ACC209D9C}
		{75BC10BF-3412-4E53-ADBF-C57027F89FD5} = {45C82BC1-1206-46D3-8854-777FC801190A}
		{6A096FC0-1925-407A-B264-F07FC28E4A96} = {45C82BC1-1206-46D3-8854-777FC801190A}
		{FDBDEC7F-2C2A-4943-8138-65D8BD60C70B} = {45C82BC1-1206-46D3-8854-777FC801190A}
		{B29A9A5D-91A8-47DA-BC8D-9C0CDF1A3BAF} = {FF993B39-9872-44D7-BDF5-ABFFB87EE1A0}
		{EDFAC65A-1E32-48F1-A350-40690A0790CC} = {FF993B39-9872-44D7-BDF5-ABFFB87EE1A0}
		{0962755A-67F6-48E4-B039-371084E84C38} = {FF993B39-9872-44D7-BDF5-ABFFB87EE1A0}
		{C4EACB3F-1E90-4602-ABDD-B9B04D36374B} = {832706C9-6B4A-4B03-908D-97F640048096}
		{DD9B1E4A-AF43-430F-A00C-44CFE4870CFC} = {832706C9-6B4A-4B03-908D-97F640048096}
		{72915265-7368-4A1F-8B48-7ABD47BA4DDE} = {832706C9-6B4A-4B03-908D-97F640048096}
		{E322A2E7-D69F-438A-BFBE-DAD20A17D7DB} = {F3B87AF9-5FF0-4F7D-B9AD-25B12F00FA74}
		{F0C21F35-3DCF-4102-BC95-7BA6CD92B2D9} = {F3B87AF9-5FF0-4F7D-B9AD-25B12F00FA74}
		{5B1B2E8F-AB31-40A5-932B-C7D86C0FD15C} = {F3B87AF9-5FF0-4F7D-B9AD-25B12F00FA74}
		{55198BCD-7364-44E0-B613-A6BC4CB207CF} = {523B8816-E998-438D-8FBC-AAD235140116}
		{D24EE2D6-826F-4653-AE67-B789EA856626} = {523B8816-E998-438D-8FBC-AAD235140116}
		{C6A583A2-284D-462D-A1F0-5D3833D4D0AC} = {523B8816-E998-438D-8FBC-AAD235140116}
	EndGlobalSection
	GlobalSection(ExtensibilityGlobals) = postSolution
		SolutionGuid = {6FD10A2B-7E50-4633-81FE-B49539D5BFA5}
	EndGlobalSection
EndGlobal
